// !$*UTF8*$!
{
	archiveVersion = 1;
	classes = {
	};
	objectVersion = 46;
	objects = {

/* Begin PBXBuildFile section */
		A8FC1B8314BC3958007BFB30 /* UIKit.framework in Frameworks */ = {isa = PBXBuildFile; fileRef = A8FC1B8214BC3958007BFB30 /* UIKit.framework */; };
		A8FC1B8514BC3958007BFB30 /* Foundation.framework in Frameworks */ = {isa = PBXBuildFile; fileRef = A8FC1B8414BC3958007BFB30 /* Foundation.framework */; };
		A8FC1B8714BC3958007BFB30 /* CoreGraphics.framework in Frameworks */ = {isa = PBXBuildFile; fileRef = A8FC1B8614BC3958007BFB30 /* CoreGraphics.framework */; };
		A8FC1B8D14BC3958007BFB30 /* InfoPlist.strings in Resources */ = {isa = PBXBuildFile; fileRef = A8FC1B8B14BC3958007BFB30 /* InfoPlist.strings */; };
		A8FC1B8F14BC3958007BFB30 /* main.m in Sources */ = {isa = PBXBuildFile; fileRef = A8FC1B8E14BC3958007BFB30 /* main.m */; };
		A8FC1B9314BC3958007BFB30 /* AppDelegate.m in Sources */ = {isa = PBXBuildFile; fileRef = A8FC1B9214BC3958007BFB30 /* AppDelegate.m */; };
		A8FC1B9614BC3958007BFB30 /* MainStoryboard.storyboard in Resources */ = {isa = PBXBuildFile; fileRef = A8FC1B9414BC3958007BFB30 /* MainStoryboard.storyboard */; };
		A8FC1B9914BC3958007BFB30 /* ViewController.m in Sources */ = {isa = PBXBuildFile; fileRef = A8FC1B9814BC3958007BFB30 /* ViewController.m */; };
		A8FC1BA114BC3958007BFB30 /* SenTestingKit.framework in Frameworks */ = {isa = PBXBuildFile; fileRef = A8FC1BA014BC3958007BFB30 /* SenTestingKit.framework */; };
		A8FC1BA214BC3958007BFB30 /* UIKit.framework in Frameworks */ = {isa = PBXBuildFile; fileRef = A8FC1B8214BC3958007BFB30 /* UIKit.framework */; };
		A8FC1BA314BC3958007BFB30 /* Foundation.framework in Frameworks */ = {isa = PBXBuildFile; fileRef = A8FC1B8414BC3958007BFB30 /* Foundation.framework */; };
		A8FC1BAB14BC3958007BFB30 /* InfoPlist.strings in Resources */ = {isa = PBXBuildFile; fileRef = A8FC1BA914BC3958007BFB30 /* InfoPlist.strings */; };
		A8FC1BAE14BC3958007BFB30 /* TestCameraTests.m in Sources */ = {isa = PBXBuildFile; fileRef = A8FC1BAD14BC3958007BFB30 /* TestCameraTests.m */; };
/* End PBXBuildFile section */

/* Begin PBXContainerItemProxy section */
		A8FC1BA414BC3958007BFB30 /* PBXContainerItemProxy */ = {
			isa = PBXContainerItemProxy;
			containerPortal = A8FC1B7514BC3958007BFB30 /* Project object */;
			proxyType = 1;
			remoteGlobalIDString = A8FC1B7D14BC3958007BFB30;
			remoteInfo = TestCamera;
		};
/* End PBXContainerItemProxy section */

/* Begin PBXFileReference section */
		A8FC1B7E14BC3958007BFB30 /* TestCamera.app */ = {isa = PBXFileReference; explicitFileType = wrapper.application; includeInIndex = 0; path = TestCamera.app; sourceTree = BUILT_PRODUCTS_DIR; };
		A8FC1B8214BC3958007BFB30 /* UIKit.framework */ = {isa = PBXFileReference; lastKnownFileType = wrapper.framework; name = UIKit.framework; path = System/Library/Frameworks/UIKit.framework; sourceTree = SDKROOT; };
		A8FC1B8414BC3958007BFB30 /* Foundation.framework */ = {isa = PBXFileReference; lastKnownFileType = wrapper.framework; name = Foundation.framework; path = System/Library/Frameworks/Foundation.framework; sourceTree = SDKROOT; };
		A8FC1B8614BC3958007BFB30 /* CoreGraphics.framework */ = {isa = PBXFileReference; lastKnownFileType = wrapper.framework; name = CoreGraphics.framework; path = System/Library/Frameworks/CoreGraphics.framework; sourceTree = SDKROOT; };
		A8FC1B8A14BC3958007BFB30 /* TestCamera-Info.plist */ = {isa = PBXFileReference; path = "TestCamera-Info.plist"; sourceTree = "<group>"; };
		A8FC1B8C14BC3958007BFB30 /* en */ = {isa = PBXFileReference; lastKnownFileType = text.plist.strings; name = en; path = en.lproj/InfoPlist.strings; sourceTree = "<group>"; };
		A8FC1B8E14BC3958007BFB30 /* main.m */ = {isa = PBXFileReference; lastKnownFileType = sourcecode.c.objc; path = main.m; sourceTree = "<group>"; };
		A8FC1B9014BC3958007BFB30 /* TestCamera-Prefix.pch */ = {isa = PBXFileReference; path = "TestCamera-Prefix.pch"; sourceTree = "<group>"; };
		A8FC1B9114BC3958007BFB30 /* AppDelegate.h */ = {isa = PBXFileReference; path = AppDelegate.h; sourceTree = "<group>"; };
		A8FC1B9214BC3958007BFB30 /* AppDelegate.m */ = {isa = PBXFileReference; lastKnownFileType = sourcecode.c.objc; path = AppDelegate.m; sourceTree = "<group>"; };
		A8FC1B9514BC3958007BFB30 /* en */ = {isa = PBXFileReference; lastKnownFileType = file.storyboard; name = en; path = en.lproj/MainStoryboard.storyboard; sourceTree = "<group>"; };
		A8FC1B9714BC3958007BFB30 /* ViewController.h */ = {isa = PBXFileReference; path = ViewController.h; sourceTree = "<group>"; };
		A8FC1B9814BC3958007BFB30 /* ViewController.m */ = {isa = PBXFileReference; lastKnownFileType = sourcecode.c.objc; path = ViewController.m; sourceTree = "<group>"; };
		A8FC1B9F14BC3958007BFB30 /* TestCameraTests.octest */ = {isa = PBXFileReference; explicitFileType = wrapper.cfbundle; includeInIndex = 0; path = TestCameraTests.octest; sourceTree = BUILT_PRODUCTS_DIR; };
		A8FC1BA014BC3958007BFB30 /* SenTestingKit.framework */ = {isa = PBXFileReference; lastKnownFileType = wrapper.framework; name = SenTestingKit.framework; path = Library/Frameworks/SenTestingKit.framework; sourceTree = DEVELOPER_DIR; };
		A8FC1BA814BC3958007BFB30 /* TestCameraTests-Info.plist */ = {isa = PBXFileReference; path = "TestCameraTests-Info.plist"; sourceTree = "<group>"; };
		A8FC1BAA14BC3958007BFB30 /* en */ = {isa = PBXFileReference; lastKnownFileType = text.plist.strings; name = en; path = en.lproj/InfoPlist.strings; sourceTree = "<group>"; };
		A8FC1BAC14BC3958007BFB30 /* TestCameraTests.h */ = {isa = PBXFileReference; path = TestCameraTests.h; sourceTree = "<group>"; };
		A8FC1BAD14BC3958007BFB30 /* TestCameraTests.m */ = {isa = PBXFileReference; lastKnownFileType = sourcecode.c.objc; path = TestCameraTests.m; sourceTree = "<group>"; };
/* End PBXFileReference section */

/* Begin PBXFrameworksBuildPhase section */
		A8FC1B7B14BC3958007BFB30 /* Frameworks */ = {
			isa = PBXFrameworksBuildPhase;
			buildActionMask = 2147483647;
			files = (
				A8FC1B8314BC3958007BFB30 /* UIKit.framework in Frameworks */,
				A8FC1B8514BC3958007BFB30 /* Foundation.framework in Frameworks */,
				A8FC1B8714BC3958007BFB30 /* CoreGraphics.framework in Frameworks */,
			);
			runOnlyForDeploymentPostprocessing = 0;
		};
		A8FC1B9B14BC3958007BFB30 /* Frameworks */ = {
			isa = PBXFrameworksBuildPhase;
			buildActionMask = 2147483647;
			files = (
				A8FC1BA114BC3958007BFB30 /* SenTestingKit.framework in Frameworks */,
				A8FC1BA214BC3958007BFB30 /* UIKit.framework in Frameworks */,
				A8FC1BA314BC3958007BFB30 /* Foundation.framework in Frameworks */,
			);
			runOnlyForDeploymentPostprocessing = 0;
		};
/* End PBXFrameworksBuildPhase section */

/* Begin PBXGroup section */
		A8FC1B7314BC3958007BFB30 = {
			isa = PBXGroup;
			children = (
				A8FC1B8814BC3958007BFB30 /* TestCamera */,
				A8FC1BA614BC3958007BFB30 /* TestCameraTests */,
				A8FC1B8114BC3958007BFB30 /* Frameworks */,
				A8FC1B7F14BC3958007BFB30 /* Products */,
			);
			sourceTree = "<group>";
		};
		A8FC1B7F14BC3958007BFB30 /* Products */ = {
			isa = PBXGroup;
			children = (
				A8FC1B7E14BC3958007BFB30 /* TestCamera.app */,
				A8FC1B9F14BC3958007BFB30 /* TestCameraTests.octest */,
			);
			name = Products;
			sourceTree = "<group>";
		};
		A8FC1B8114BC3958007BFB30 /* Frameworks */ = {
			isa = PBXGroup;
			children = (
				A8FC1B8214BC3958007BFB30 /* UIKit.framework */,
				A8FC1B8414BC3958007BFB30 /* Foundation.framework */,
				A8FC1B8614BC3958007BFB30 /* CoreGraphics.framework */,
				A8FC1BA014BC3958007BFB30 /* SenTestingKit.framework */,
			);
			name = Frameworks;
			sourceTree = "<group>";
		};
		A8FC1B8814BC3958007BFB30 /* TestCamera */ = {
			isa = PBXGroup;
			children = (
				A8FC1B9114BC3958007BFB30 /* AppDelegate.h */,
				A8FC1B9214BC3958007BFB30 /* AppDelegate.m */,
				A8FC1B9414BC3958007BFB30 /* MainStoryboard.storyboard */,
				A8FC1B9714BC3958007BFB30 /* ViewController.h */,
				A8FC1B9814BC3958007BFB30 /* ViewController.m */,
				A8FC1B8914BC3958007BFB30 /* Supporting Files */,
			);
			path = TestCamera;
			sourceTree = "<group>";
		};
		A8FC1B8914BC3958007BFB30 /* Supporting Files */ = {
			isa = PBXGroup;
			children = (
				A8FC1B8A14BC3958007BFB30 /* TestCamera-Info.plist */,
				A8FC1B8B14BC3958007BFB30 /* InfoPlist.strings */,
				A8FC1B8E14BC3958007BFB30 /* main.m */,
				A8FC1B9014BC3958007BFB30 /* TestCamera-Prefix.pch */,
			);
			name = "Supporting Files";
			sourceTree = "<group>";
		};
		A8FC1BA614BC3958007BFB30 /* TestCameraTests */ = {
			isa = PBXGroup;
			children = (
				A8FC1BAC14BC3958007BFB30 /* TestCameraTests.h */,
				A8FC1BAD14BC3958007BFB30 /* TestCameraTests.m */,
				A8FC1BA714BC3958007BFB30 /* Supporting Files */,
			);
			path = TestCameraTests;
			sourceTree = "<group>";
		};
		A8FC1BA714BC3958007BFB30 /* Supporting Files */ = {
			isa = PBXGroup;
			children = (
				A8FC1BA814BC3958007BFB30 /* TestCameraTests-Info.plist */,
				A8FC1BA914BC3958007BFB30 /* InfoPlist.strings */,
			);
			name = "Supporting Files";
			sourceTree = "<group>";
		};
/* End PBXGroup section */

/* Begin PBXNativeTarget section */
		A8FC1B7D14BC3958007BFB30 /* TestCamera */ = {
			isa = PBXNativeTarget;
			buildConfigurationList = A8FC1BB114BC3958007BFB30 /* Build configuration list for PBXNativeTarget "TestCamera" */;
			buildPhases = (
				A8FC1B7A14BC3958007BFB30 /* Sources */,
				A8FC1B7B14BC3958007BFB30 /* Frameworks */,
				A8FC1B7C14BC3958007BFB30 /* Resources */,
			);
			buildRules = (
			);
			dependencies = (
			);
			name = TestCamera;
			productName = TestCamera;
			productReference = A8FC1B7E14BC3958007BFB30 /* TestCamera.app */;
			productType = "com.apple.product-type.application";
		};
		A8FC1B9E14BC3958007BFB30 /* TestCameraTests */ = {
			isa = PBXNativeTarget;
			buildConfigurationList = A8FC1BB414BC3958007BFB30 /* Build configuration list for PBXNativeTarget "TestCameraTests" */;
			buildPhases = (
				A8FC1B9A14BC3958007BFB30 /* Sources */,
				A8FC1B9B14BC3958007BFB30 /* Frameworks */,
				A8FC1B9C14BC3958007BFB30 /* Resources */,
				A8FC1B9D14BC3958007BFB30 /* ShellScript */,
			);
			buildRules = (
			);
			dependencies = (
				A8FC1BA514BC3958007BFB30 /* PBXTargetDependency */,
			);
			name = TestCameraTests;
			productName = TestCameraTests;
			productReference = A8FC1B9F14BC3958007BFB30 /* TestCameraTests.octest */;
			productType = "com.apple.product-type.bundle";
		};
/* End PBXNativeTarget section */

/* Begin PBXProject section */
		A8FC1B7514BC3958007BFB30 /* Project object */ = {
			isa = PBXProject;
			attributes = {
				LastUpgradeCheck = 0420;
			};
			buildConfigurationList = A8FC1B7814BC3958007BFB30 /* Build configuration list for PBXProject "TestCamera" */;
			compatibilityVersion = "Xcode 3.2";
			developmentRegion = English;
			hasScannedForEncodings = 0;
			knownRegions = (
				en,
			);
			mainGroup = A8FC1B7314BC3958007BFB30;
			productRefGroup = A8FC1B7F14BC3958007BFB30 /* Products */;
			projectDirPath = "";
			projectRoot = "";
			targets = (
				A8FC1B7D14BC3958007BFB30 /* TestCamera */,
				A8FC1B9E14BC3958007BFB30 /* TestCameraTests */,
			);
		};
/* End PBXProject section */

/* Begin PBXResourcesBuildPhase section */
		A8FC1B7C14BC3958007BFB30 /* Resources */ = {
			isa = PBXResourcesBuildPhase;
			buildActionMask = 2147483647;
			files = (
				A8FC1B8D14BC3958007BFB30 /* InfoPlist.strings in Resources */,
				A8FC1B9614BC3958007BFB30 /* MainStoryboard.storyboard in Resources */,
			);
			runOnlyForDeploymentPostprocessing = 0;
		};
		A8FC1B9C14BC3958007BFB30 /* Resources */ = {
			isa = PBXResourcesBuildPhase;
			buildActionMask = 2147483647;
			files = (
				A8FC1BAB14BC3958007BFB30 /* InfoPlist.strings in Resources */,
			);
			runOnlyForDeploymentPostprocessing = 0;
		};
/* End PBXResourcesBuildPhase section */

/* Begin PBXShellScriptBuildPhase section */
		A8FC1B9D14BC3958007BFB30 /* ShellScript */ = {
			isa = PBXShellScriptBuildPhase;
			buildActionMask = 2147483647;
			files = (
			);
			inputPaths = (
			);
			outputPaths = (
			);
			runOnlyForDeploymentPostprocessing = 0;
			shellPath = /bin/sh;
			shellScript = "# Run the unit tests in this test bundle.\n\"${SYSTEM_DEVELOPER_DIR}/Tools/RunUnitTests\"\n";
		};
/* End PBXShellScriptBuildPhase section */

/* Begin PBXSourcesBuildPhase section */
		A8FC1B7A14BC3958007BFB30 /* Sources */ = {
			isa = PBXSourcesBuildPhase;
			buildActionMask = 2147483647;
			files = (
				A8FC1B8F14BC3958007BFB30 /* main.m in Sources */,
				A8FC1B9314BC3958007BFB30 /* AppDelegate.m in Sources */,
				A8FC1B9914BC3958007BFB30 /* ViewController.m in Sources */,
			);
			runOnlyForDeploymentPostprocessing = 0;
		};
		A8FC1B9A14BC3958007BFB30 /* Sources */ = {
			isa = PBXSourcesBuildPhase;
			buildActionMask = 2147483647;
			files = (
				A8FC1BAE14BC3958007BFB30 /* TestCameraTests.m in Sources */,
			);
			runOnlyForDeploymentPostprocessing = 0;
		};
/* End PBXSourcesBuildPhase section */

/* Begin PBXTargetDependency section */
		A8FC1BA514BC3958007BFB30 /* PBXTargetDependency */ = {
			isa = PBXTargetDependency;
			target = A8FC1B7D14BC3958007BFB30 /* TestCamera */;
			targetProxy = A8FC1BA414BC3958007BFB30 /* PBXContainerItemProxy */;
		};
/* End PBXTargetDependency section */

/* Begin PBXVariantGroup section */
		A8FC1B8B14BC3958007BFB30 /* InfoPlist.strings */ = {
			isa = PBXVariantGroup;
			children = (
				A8FC1B8C14BC3958007BFB30 /* en */,
			);
			name = InfoPlist.strings;
			sourceTree = "<group>";
		};
		A8FC1B9414BC3958007BFB30 /* MainStoryboard.storyboard */ = {
			isa = PBXVariantGroup;
			children = (
				A8FC1B9514BC3958007BFB30 /* en */,
			);
			name = MainStoryboard.storyboard;
			sourceTree = "<group>";
		};
		A8FC1BA914BC3958007BFB30 /* InfoPlist.strings */ = {
			isa = PBXVariantGroup;
			children = (
				A8FC1BAA14BC3958007BFB30 /* en */,
			);
			name = InfoPlist.strings;
			sourceTree = "<group>";
		};
/* End PBXVariantGroup section */

/* Begin XCBuildConfiguration section */
		A8FC1BAF14BC3958007BFB30 /* Debug */ = {
			isa = XCBuildConfiguration;
			buildSettings = {
				ALWAYS_SEARCH_USER_PATHS = NO;
				ARCHS = "$(ARCHS_STANDARD_32_BIT)";
				CLANG_ENABLE_OBJC_ARC = YES;
				"CODE_SIGN_IDENTITY[sdk=iphoneos*]" = "iPhone Developer";
				COPY_PHASE_STRIP = NO;
				GCC_C_LANGUAGE_STANDARD = gnu99;
				GCC_DYNAMIC_NO_PIC = NO;
				GCC_OPTIMIZATION_LEVEL = 0;
				GCC_PREPROCESSOR_DEFINITIONS = (
					"DEBUG=1",
					"$(inherited)",
				);
				GCC_SYMBOLS_PRIVATE_EXTERN = NO;
				GCC_VERSION = com.apple.compilers.llvm.clang.1_0;
				GCC_WARN_ABOUT_MISSING_PROTOTYPES = YES;
				GCC_WARN_ABOUT_RETURN_TYPE = YES;
				GCC_WARN_UNUSED_VARIABLE = YES;
				IPHONEOS_DEPLOYMENT_TARGET = 5.0;
				SDKROOT = iphoneos;
			};
			name = Debug;
		};
		A8FC1BB014BC3958007BFB30 /* Release */ = {
			isa = XCBuildConfiguration;
			buildSettings = {
				ALWAYS_SEARCH_USER_PATHS = NO;
				ARCHS = "$(ARCHS_STANDARD_32_BIT)";
				CLANG_ENABLE_OBJC_ARC = YES;
				"CODE_SIGN_IDENTITY[sdk=iphoneos*]" = "iPhone Developer";
				COPY_PHASE_STRIP = YES;
				GCC_C_LANGUAGE_STANDARD = gnu99;
				GCC_VERSION = com.apple.compilers.llvm.clang.1_0;
				GCC_WARN_ABOUT_MISSING_PROTOTYPES = YES;
				GCC_WARN_ABOUT_RETURN_TYPE = YES;
				GCC_WARN_UNUSED_VARIABLE = YES;
				IPHONEOS_DEPLOYMENT_TARGET = 5.0;
				OTHER_CFLAGS = "-DNS_BLOCK_ASSERTIONS=1";
				SDKROOT = iphoneos;
				VALIDATE_PRODUCT = YES;
			};
			name = Release;
		};
		A8FC1BB214BC3958007BFB30 /* Debug */ = {
			isa = XCBuildConfiguration;
			buildSettings = {
				GCC_PRECOMPILE_PREFIX_HEADER = YES;
				GCC_PREFIX_HEADER = "TestCamera/TestCamera-Prefix.pch";
				INFOPLIST_FILE = "TestCamera/TestCamera-Info.plist";
				PRODUCT_NAME = "$(TARGET_NAME)";
				WRAPPER_EXTENSION = app;
			};
			name = Debug;
		};
		A8FC1BB314BC3958007BFB30 /* Release */ = {
			isa = XCBuildConfiguration;
			buildSettings = {
				GCC_PRECOMPILE_PREFIX_HEADER = YES;
				GCC_PREFIX_HEADER = "TestCamera/TestCamera-Prefix.pch";
				INFOPLIST_FILE = "TestCamera/TestCamera-Info.plist";
				PRODUCT_NAME = "$(TARGET_NAME)";
				WRAPPER_EXTENSION = app;
			};
			name = Release;
		};
		A8FC1BB514BC3958007BFB30 /* Debug */ = {
			isa = XCBuildConfiguration;
			buildSettings = {
				BUNDLE_LOADER = "$(BUILT_PRODUCTS_DIR)/TestCamera.app/TestCamera";
				FRAMEWORK_SEARCH_PATHS = (
					"$(SDKROOT)/Developer/Library/Frameworks",
					"$(DEVELOPER_LIBRARY_DIR)/Frameworks",
				);
				GCC_PRECOMPILE_PREFIX_HEADER = YES;
				GCC_PREFIX_HEADER = "TestCamera/TestCamera-Prefix.pch";
				INFOPLIST_FILE = "TestCameraTests/TestCameraTests-Info.plist";
				PRODUCT_NAME = "$(TARGET_NAME)";
				TEST_HOST = "$(BUNDLE_LOADER)";
				WRAPPER_EXTENSION = octest;
			};
			name = Debug;
		};
		A8FC1BB614BC3958007BFB30 /* Release */ = {
			isa = XCBuildConfiguration;
			buildSettings = {
				BUNDLE_LOADER = "$(BUILT_PRODUCTS_DIR)/TestCamera.app/TestCamera";
				FRAMEWORK_SEARCH_PATHS = (
					"$(SDKROOT)/Developer/Library/Frameworks",
					"$(DEVELOPER_LIBRARY_DIR)/Frameworks",
				);
				GCC_PRECOMPILE_PREFIX_HEADER = YES;
				GCC_PREFIX_HEADER = "TestCamera/TestCamera-Prefix.pch";
				INFOPLIST_FILE = "TestCameraTests/TestCameraTests-Info.plist";
				PRODUCT_NAME = "$(TARGET_NAME)";
				TEST_HOST = "$(BUNDLE_LOADER)";
				WRAPPER_EXTENSION = octest;
			};
			name = Release;
		};
/* End XCBuildConfiguration section */

/* Begin XCConfigurationList section */
		A8FC1B7814BC3958007BFB30 /* Build configuration list for PBXProject "TestCamera" */ = {
			isa = XCConfigurationList;
			buildConfigurations = (
				A8FC1BAF14BC3958007BFB30 /* Debug */,
				A8FC1BB014BC3958007BFB30 /* Release */,
			);
			defaultConfigurationIsVisible = 0;
			defaultConfigurationName = Release;
		};
		A8FC1BB114BC3958007BFB30 /* Build configuration list for PBXNativeTarget "TestCamera" */ = {
			isa = XCConfigurationList;
			buildConfigurations = (
				A8FC1BB214BC3958007BFB30 /* Debug */,
				A8FC1BB314BC3958007BFB30 /* Release */,
			);
			defaultConfigurationIsVisible = 0;
		};
		A8FC1BB414BC3958007BFB30 /* Build configuration list for PBXNativeTarget "TestCameraTests" */ = {
			isa = XCConfigurationList;
			buildConfigurations = (
				A8FC1BB514BC3958007BFB30 /* Debug */,
				A8FC1BB614BC3958007BFB30 /* Release */,
			);
			defaultConfigurationIsVisible = 0;
		};
/* End XCConfigurationList section */
	};
	rootObject = A8FC1B7514BC3958007BFB30 /* Project object */;
}
